
Microsoft Visual Studio Solution File, Format Version 12.00
# Visual Studio Version 17
VisualStudioVersion = 17.7.34009.444
MinimumVisualStudioVersion = 10.0.40219.1
Project("{FAE04EC0-301F-11D3-BF4B-00C04F79EFBC}") = "injection detect", "injection detect\injection detect.csproj", "{E3807832-5771-4006-8AF4-2684693F9B3F}"
EndProject
Global
	GlobalSection(SolutionConfigurationPlatforms) = preSolution
		Debug|Any CPU = Debug|Any CPU
		Release|Any CPU = Release|Any CPU
	EndGlobalSection
	GlobalSection(ProjectConfigurationPlatforms) = postSolution
		{E3807832-5771-4006-8AF4-2684693F9B3F}.Debug|Any CPU.ActiveCfg = Debug|Any CPU
		{E3807832-5771-4006-8AF4-2684693F9B3F}.Debug|Any CPU.Build.0 = Debug|Any CPU
		{E3807832-5771-4006-8AF4-2684693F9B3F}.Release|Any CPU.ActiveCfg = Release|Any CPU
		{E3807832-5771-4006-8AF4-2684693F9B3F}.Release|Any CPU.Build.0 = Release|Any CPU
	EndGlobalSection
	GlobalSection(SolutionProperties) = preSolution
		HideSolutionNode = FALSE
	EndGlobalSection
	GlobalSection(ExtensibilityGlobals) = postSolution
		SolutionGuid = {F9296712-73FC-425C-9C34-DB9243E7D042}
	EndGlobalSection
EndGlobal
